
Microsoft Visual Studio Solution File, Format Version 12.00
# Visual Studio Version 17
VisualStudioVersion = 17.14.36212.18 d17.14
MinimumVisualStudioVersion = 10.0.40219.1
Project("{FAE04EC0-301F-11D3-BF4B-00C04F79EFBC}") = "TaskList", "TaskList.csproj", "{A21CE45D-949C-419B-AAFF-23D92F260BEC}"
EndProject
Global
	GlobalSection(SolutionConfigurationPlatforms) = preSolution
		Debug|Any CPU = Debug|Any CPU
		Release|Any CPU = Release|Any CPU
	EndGlobalSection
	GlobalSection(ProjectConfigurationPlatforms) = postSolution
		{A21CE45D-949C-419B-AAFF-23D92F260BEC}.Debug|Any CPU.ActiveCfg = Debug|Any CPU
		{A21CE45D-949C-419B-AAFF-23D92F260BEC}.Debug|Any CPU.Build.0 = Debug|Any CPU
		{A21CE45D-949C-419B-AAFF-23D92F260BEC}.Release|Any CPU.ActiveCfg = Release|Any CPU
		{A21CE45D-949C-419B-AAFF-23D92F260BEC}.Release|Any CPU.Build.0 = Release|Any CPU
	EndGlobalSection
	GlobalSection(SolutionProperties) = preSolution
		HideSolutionNode = FALSE
	EndGlobalSection
	GlobalSection(ExtensibilityGlobals) = postSolution
		SolutionGuid = {E015A612-78F8-4F94-82BA-F87220B41CAE}
	EndGlobalSection
EndGlobal
